
Microsoft Visual Studio Solution File, Format Version 12.00
# Visual Studio 15
VisualStudioVersion = 15.0.26124.0
MinimumVisualStudioVersion = 15.0.26124.0
Project("{FAE04EC0-301F-11D3-BF4B-00C04F79EFBC}") = "Cash_Register_Core", "Cash_Register_Core\Cash_Register_Core.csproj", "{30EAAD1E-BB64-4149-B656-70601C9B5890}"
EndProject
Project("{FAE04EC0-301F-11D3-BF4B-00C04F79EFBC}") = "Cash_Register_Tests", "Cash_Register_Tests\Cash_Register_Tests.csproj", "{E34E7189-3C1B-4D7E-940A-9041FD68CEE0}"
EndProject
Global
	GlobalSection(SolutionConfigurationPlatforms) = preSolution
		Debug|Any CPU = Debug|Any CPU
		Debug|x64 = Debug|x64
		Debug|x86 = Debug|x86
		Release|Any CPU = Release|Any CPU
		Release|x64 = Release|x64
		Release|x86 = Release|x86
	EndGlobalSection
	GlobalSection(SolutionProperties) = preSolution
		HideSolutionNode = FALSE
	EndGlobalSection
	GlobalSection(ProjectConfigurationPlatforms) = postSolution
		{30EAAD1E-BB64-4149-B656-70601C9B5890}.Debug|Any CPU.ActiveCfg = Debug|Any CPU
		{30EAAD1E-BB64-4149-B656-70601C9B5890}.Debug|Any CPU.Build.0 = Debug|Any CPU
		{30EAAD1E-BB64-4149-B656-70601C9B5890}.Debug|x64.ActiveCfg = Debug|Any CPU
		{30EAAD1E-BB64-4149-B656-70601C9B5890}.Debug|x64.Build.0 = Debug|Any CPU
		{30EAAD1E-BB64-4149-B656-70601C9B5890}.Debug|x86.ActiveCfg = Debug|Any CPU
		{30EAAD1E-BB64-4149-B656-70601C9B5890}.Debug|x86.Build.0 = Debug|Any CPU
		{30EAAD1E-BB64-4149-B656-70601C9B5890}.Release|Any CPU.ActiveCfg = Release|Any CPU
		{30EAAD1E-BB64-4149-B656-70601C9B5890}.Release|Any CPU.Build.0 = Release|Any CPU
		{30EAAD1E-BB64-4149-B656-70601C9B5890}.Release|x64.ActiveCfg = Release|Any CPU
		{30EAAD1E-BB64-4149-B656-70601C9B5890}.Release|x64.Build.0 = Release|Any CPU
		{30EAAD1E-BB64-4149-B656-70601C9B5890}.Release|x86.ActiveCfg = Release|Any CPU
		{30EAAD1E-BB64-4149-B656-70601C9B5890}.Release|x86.Build.0 = Release|Any CPU
		{E34E7189-3C1B-4D7E-940A-9041FD68CEE0}.Debug|Any CPU.ActiveCfg = Debug|Any CPU
		{E34E7189-3C1B-4D7E-940A-9041FD68CEE0}.Debug|Any CPU.Build.0 = Debug|Any CPU
		{E34E7189-3C1B-4D7E-940A-9041FD68CEE0}.Debug|x64.ActiveCfg = Debug|Any CPU
		{E34E7189-3C1B-4D7E-940A-9041FD68CEE0}.Debug|x64.Build.0 = Debug|Any CPU
		{E34E7189-3C1B-4D7E-940A-9041FD68CEE0}.Debug|x86.ActiveCfg = Debug|Any CPU
		{E34E7189-3C1B-4D7E-940A-9041FD68CEE0}.Debug|x86.Build.0 = Debug|Any CPU
		{E34E7189-3C1B-4D7E-940A-9041FD68CEE0}.Release|Any CPU.ActiveCfg = Release|Any CPU
		{E34E7189-3C1B-4D7E-940A-9041FD68CEE0}.Release|Any CPU.Build.0 = Release|Any CPU
		{E34E7189-3C1B-4D7E-940A-9041FD68CEE0}.Release|x64.ActiveCfg = Release|Any CPU
		{E34E7189-3C1B-4D7E-940A-9041FD68CEE0}.Release|x64.Build.0 = Release|Any CPU
		{E34E7189-3C1B-4D7E-940A-9041FD68CEE0}.Release|x86.ActiveCfg = Release|Any CPU
		{E34E7189-3C1B-4D7E-940A-9041FD68CEE0}.Release|x86.Build.0 = Release|Any CPU
	EndGlobalSection
EndGlobal
